{
  "name": "vue-github-button",
  "version": "3.1.0",
  "lockfileVersion": 2,
  "requires": true,
  "packages": {
    "": {
      "name": "vue-github-button",
      "version": "3.1.0",
      "license": "BSD-2-Clause",
      "dependencies": {
        "github-buttons": "^2.22.0"
      }
    },
    "node_modules/github-buttons": {
      "version": "2.22.3",
      "resolved": "https://registry.npmjs.org/github-buttons/-/github-buttons-2.22.3.tgz",
      "integrity": "sha512-09/pJ7X6D1whEeFz+fKSjOBEEDnY/nxbPN7zduxAU5zGwo4RkXjL86AiOVHgIYDothbHAS43eaVk76a8Lp4YYw=="
    }
  },
  "dependencies": {
    "github-buttons": {
      "version": "2.22.3",
      "resolved": "https://registry.npmjs.org/github-buttons/-/github-buttons-2.22.3.tgz",
      "integrity": "sha512-09/pJ7X6D1whEeFz+fKSjOBEEDnY/nxbPN7zduxAU5zGwo4RkXjL86AiOVHgIYDothbHAS43eaVk76a8Lp4YYw=="
    }
  }
}
