{
  "name": "vue-github-button",
  "version": "3.1.3",
  "lockfileVersion": 3,
  "requires": true,
  "packages": {
    "": {
      "name": "vue-github-button",
      "version": "3.1.3",
      "license": "BSD-2-Clause",
      "dependencies": {
        "github-buttons": "^2.22.0"
      }
    },
    "node_modules/github-buttons": {
      "version": "2.32.0",
      "resolved": "https://registry.npmjs.org/github-buttons/-/github-buttons-2.32.0.tgz",
      "integrity": "sha512-DbKam2n7JGbccpbAoQ7UHhxH2XYlumCakTM4Ln7v8A9TzMaaEgKV6S7A+Suyx3EVBE1DPEqA6QSgyCoGJamymg==",
      "license": "BSD-2-Clause"
    }
  }
}
