{
  "name": "vue-github-button",
  "version": "1.0.2",
  "lockfileVersion": 1,
  "requires": true,
  "dependencies": {
    "github-buttons": {
      "version": "2.0.1",
      "resolved": "https://registry.npmjs.org/github-buttons/-/github-buttons-2.0.1.tgz",
      "integrity": "sha512-Qo154Dvc0qe0RWJRgEuat3sJ8iNWx1m1wQES/K29t9CEhQ/Ls2Btce+/Nb/DgJgOThzOt00KNQD5y0to6pxfbA=="
    }
  }
}
